
Microsoft Visual Studio Solution File, Format Version 12.00
# Visual Studio 14
VisualStudioVersion = 14.0.23107.0
MinimumVisualStudioVersion = 10.0.40219.1
Project("{E24C65DC-7377-472B-9ABA-BC803B73C61A}") = "chiki", "chiki\", "{8C7E7D71-4FD5-40B6-925F-4464C804B95A}"
	ProjectSection(WebsiteProperties) = preProject
		TargetFrameworkMoniker = ".NETFramework,Version%3Dv4.7.2"
		Debug.AspNetCompiler.VirtualPath = "/localhost_59912"
		Debug.AspNetCompiler.PhysicalPath = "chiki\"
		Debug.AspNetCompiler.TargetPath = "PrecompiledWeb\localhost_59912\"
		Debug.AspNetCompiler.Updateable = "true"
		Debug.AspNetCompiler.ForceOverwrite = "true"
		Debug.AspNetCompiler.FixedNames = "false"
		Debug.AspNetCompiler.Debug = "True"
		Release.AspNetCompiler.VirtualPath = "/localhost_59912"
		Release.AspNetCompiler.PhysicalPath = "chiki\"
		Release.AspNetCompiler.TargetPath = "PrecompiledWeb\localhost_59912\"
		Release.AspNetCompiler.Updateable = "true"
		Release.AspNetCompiler.ForceOverwrite = "true"
		Release.AspNetCompiler.FixedNames = "false"
		Release.AspNetCompiler.Debug = "False"
		VWDPort = "59912"
		SlnRelativePath = "chiki\"
		DefaultWebSiteLanguage = "Visual C#"
	EndProjectSection
EndProject
Global
	GlobalSection(SolutionConfigurationPlatforms) = preSolution
		Debug|Any CPU = Debug|Any CPU
	EndGlobalSection
	GlobalSection(ProjectConfigurationPlatforms) = postSolution
		{8C7E7D71-4FD5-40B6-925F-4464C804B95A}.Debug|Any CPU.ActiveCfg = Debug|Any CPU
		{8C7E7D71-4FD5-40B6-925F-4464C804B95A}.Debug|Any CPU.Build.0 = Debug|Any CPU
	EndGlobalSection
	GlobalSection(SolutionProperties) = preSolution
		HideSolutionNode = FALSE
	EndGlobalSection
	GlobalSection(ExtensibilityGlobals) = postSolution
		SolutionGuid = {9411A975-D511-4094-BA53-326BBCF2A298}
	EndGlobalSection
EndGlobal
